
Microsoft Visual Studio Solution File, Format Version 12.00
# Visual Studio Version 16
VisualStudioVersion = 16.0.30611.23
MinimumVisualStudioVersion = 10.0.40219.1
Project("{FAE04EC0-301F-11D3-BF4B-00C04F79EFBC}") = "Swigino_wix_billing", "Swigino_wix_billing\Swigino_wix_billing.csproj", "{7D57EEB2-FFEE-48FE-9194-1D573B574CD8}"
EndProject
Global
	GlobalSection(SolutionConfigurationPlatforms) = preSolution
		Debug|Any CPU = Debug|Any CPU
		Release|Any CPU = Release|Any CPU
	EndGlobalSection
	GlobalSection(ProjectConfigurationPlatforms) = postSolution
		{7D57EEB2-FFEE-48FE-9194-1D573B574CD8}.Debug|Any CPU.ActiveCfg = Debug|Any CPU
		{7D57EEB2-FFEE-48FE-9194-1D573B574CD8}.Debug|Any CPU.Build.0 = Debug|Any CPU
		{7D57EEB2-FFEE-48FE-9194-1D573B574CD8}.Release|Any CPU.ActiveCfg = Release|Any CPU
		{7D57EEB2-FFEE-48FE-9194-1D573B574CD8}.Release|Any CPU.Build.0 = Release|Any CPU
	EndGlobalSection
	GlobalSection(SolutionProperties) = preSolution
		HideSolutionNode = FALSE
	EndGlobalSection
	GlobalSection(ExtensibilityGlobals) = postSolution
		SolutionGuid = {2021E0AC-DBE5-4D65-9624-D1743513C5DD}
	EndGlobalSection
EndGlobal
